
Microsoft Visual Studio Solution File, Format Version 12.00
# Visual Studio 15
VisualStudioVersion = 15.0.27703.2035
MinimumVisualStudioVersion = 10.0.40219.1
Project("{FAE04EC0-301F-11D3-BF4B-00C04F79EFBC}") = "memeBot", "memeBot\memeBot.csproj", "{BD636CAD-102D-44DD-BF9D-158EDD1027D2}"
EndProject
Global
	GlobalSection(SolutionConfigurationPlatforms) = preSolution
		Debug|Any CPU = Debug|Any CPU
		Release|Any CPU = Release|Any CPU
	EndGlobalSection
	GlobalSection(ProjectConfigurationPlatforms) = postSolution
		{BD636CAD-102D-44DD-BF9D-158EDD1027D2}.Debug|Any CPU.ActiveCfg = Debug|Any CPU
		{BD636CAD-102D-44DD-BF9D-158EDD1027D2}.Debug|Any CPU.Build.0 = Debug|Any CPU
		{BD636CAD-102D-44DD-BF9D-158EDD1027D2}.Release|Any CPU.ActiveCfg = Release|Any CPU
		{BD636CAD-102D-44DD-BF9D-158EDD1027D2}.Release|Any CPU.Build.0 = Release|Any CPU
	EndGlobalSection
	GlobalSection(SolutionProperties) = preSolution
		HideSolutionNode = FALSE
	EndGlobalSection
	GlobalSection(ExtensibilityGlobals) = postSolution
		SolutionGuid = {3D1CC2AE-1E13-4CA9-AF89-753A12A05883}
	EndGlobalSection
EndGlobal
